lockfileVersion: '9.0'

settings:
  autoInstallPeers: true
  excludeLinksFromLockfile: false

importers:

  .:
    dependencies:
      '@noble/curves':
        specifier: 2.4.0
        version: 2.4.0
      '@solana-program/system':
        specifier: 0.15.0
        version: 0.15.0(@solana/kit@8.3.0(typescript@6.0.3))
      '@solana-program/token-2022':
        specifier: 0.19.0
        version: 0.19.0(@solana/kit@8.3.0(typescript@6.0.3))(@solana/sysvars@8.3.0(typescript@6.0.3))(@solana/zk-sdk@0.5.3)
      '@solana-program/zk-elgamal-proof':
        specifier: 0.4.0
        version: 0.4.0(@solana/kit@8.3.0(typescript@6.0.3))
      '@solana/kit':
        specifier: 8.3.0
        version: 8.3.0(typescript@6.0.3)
      '@solana/sysvars':
        specifier: 8.3.0
        version: 8.3.0(typescript@6.0.3)
      '@solana/zk-sdk':
        specifier: 0.5.3
        version: 0.5.3
      typescript:
        specifier: 6.0.3
        version: 6.0.3

packages:

  '@noble/curves@2.4.0':
    resolution: {integrity: sha512-P4/62zrgfH33CneE3Dn4WhJVA22YUU0eR51wKIan4NVRvwsA0YnPTwWGpNbpuacSujmSFLvyzpyuR30+fbq2Ew==}
    engines: {node: '>= 20.19.0'}

  '@noble/hashes@2.4.0':
    resolution: {integrity: sha512-X5XaVWZIBCT7HHZGm5I7ZQXDwLG+bGXuSrMQAW+7Zvl87h1kmc1ZB1VSRJcpUfoUrGQp4Fkoxm5kZ+Ms+aW+eA==}
    engines: {node: '>= 20.19.0'}

  '@solana-program/record@0.5.0':
    resolution: {integrity: sha512-Hie4a3hJhyk0ER2O+T2YQFBRB69xraIcmH/U5S/DOGv6ig3DMsPCO1Jqt6+0BZ/fS+vHouX/wededWTviLEm7A==}
    peerDependencies:
      '@solana/kit': ^8.3.0

  '@solana-program/system@0.14.1':
    resolution: {integrity: sha512-K6ZiIrAKoJAfcwfUdsoFvfSAxeRJaRrV7BPFTJvUVRS4m3zszN+nLcdaNMMe2F1/zTriZqC+xh+Kgw6ziGUqpQ==}
    peerDependencies:
      '@solana/kit': ^8.0.0

  '@solana-program/system@0.15.0':
    resolution: {integrity: sha512-xE08wZCyNRhOaO/XNRd9A3kSLfUrTe/BnmAHhql8uqc2eriNy2ZmnvaGRrs0m+kOSihvUbANzHljmJsTzGL5kg==}
    peerDependencies:
      '@solana/kit': ^8.3.0

  '@solana-program/token-2022@0.19.0':
    resolution: {integrity: sha512-oCCko/n8X6ote2A27HyNpCOIpksiHUnndQQ5wUr2pRm89rrfcKOvRd/zhIXW8z8tpemlPYp05XYUGFBo0GxhBg==}
    peerDependencies:
      '@solana/kit': ^8.3.0
      '@solana/sysvars': ^8.0.0
      '@solana/zk-sdk': ^0.5.1
    peerDependenciesMeta:
      '@solana/zk-sdk':
        optional: true

  '@solana-program/zk-elgamal-proof@0.4.0':
    resolution: {integrity: sha512-bf2Q3f25xcCNaLm/MR4lwoAguJzEW2eeLdrJb6rUjMcA63qcgyJOWl6To7Bn4e+0OyWBa+J7YP2BUhi//VPz3g==}
    peerDependencies:
      '@solana/kit': ^8.0.0

  '@solana/accounts@8.3.0':
    resolution: {integrity: sha512-HNVCs4yyE5kTRHVD3ApuKuByuO85GHE6Ns7I/yMB9vXhFgZjGzFhOGi/YCjlWpIk3RqTyX7wGniHyEb49R3ELQ==}
    engines: {node: '>=20.18.0'}
    peerDependencies:
      typescript: '>=5.4.0'
    peerDependenciesMeta:
      typescript:
        optional: true

  '@solana/addresses@8.3.0':
    resolution: {integrity: sha512-HSAPbu5TpHYZqUo9SBALvDeOyfU1Cdtk9PCmxv+YjclNuDVbh+yMnesZ614zjhKJ8clvyidWSgmISjlFCJv6qA==}
    engines: {node: '>=20.18.0'}
    peerDependencies:
      typescript: '>=5.4.0'
    peerDependenciesMeta:
      typescript:
        optional: true

  '@solana/assertions@8.3.0':
    resolution: {integrity: sha512-6NI79X6VANpq1b1BAnQevCs63dW4l3XKSbikVd5k8mlIsURlCTFdtrbXfQInqsUWZJWElf7ZLQu7RkbBOj6wuw==}
    engines: {node: '>=20.18.0'}
    peerDependencies:
      typescript: '>=5.4.0'
    peerDependenciesMeta:
      typescript:
        optional: true

  '@solana/codecs-core@8.3.0':
    resolution: {integrity: sha512-rpt01CPeF4FhTTJHyr0Tr4n8U1shYPhe7q2mcmTYyKPATYAkyb5CLHnYKnN6LO71EZSFq3Y2Wm27rwWcBvAJzg==}
    engines: {node: '>=20.18.0'}
    peerDependencies:
      typescript: '>=5.4.0'
    peerDependenciesMeta:
      typescript:
        optional: true

  '@solana/codecs-data-structures@8.3.0':
    resolution: {integrity: sha512-ojwHBnDia6VtkoCzppJGXJ1JZkQ4teYToTRu0e4N5dEkZlFU5EmpeX+1xsw7gu4bR9cNXXMWbWw4uFgVM8Nd6Q==}
    engines: {node: '>=20.18.0'}
    peerDependencies:
      typescript: '>=5.4.0'
    peerDependenciesMeta:
      typescript:
        optional: true

  '@solana/codecs-numbers@8.3.0':
    resolution: {integrity: sha512-12u+Y9ERE+gqraV1g0BP/5QxbamukFub05kyj3d3s6V/26ZEby6ReHJ8yuKtPl9fIUnfoQ2M4+th/7u5+5v14w==}
    engines: {node: '>=20.18.0'}
    peerDependencies:
      typescript: '>=5.4.0'
    peerDependenciesMeta:
      typescript:
        optional: true

  '@solana/codecs-strings@8.3.0':
    resolution: {integrity: sha512-S7rZrc1B90AS0QVRlo6+6cX2t+0TGtsadsPWdfA7tXcaDKQfQn4C/6OJxJ7/n8ugw8LMgGC+Xcs81ii4nIp6aQ==}
    engines: {node: '>=20.18.0'}
    peerDependencies:
      fastestsmallesttextencoderdecoder: ^1.0.22
      typescript: '>=5.4.0'
    peerDependenciesMeta:
      fastestsmallesttextencoderdecoder:
        optional: true
      typescript:
        optional: true

  '@solana/codecs@8.3.0':
    resolution: {integrity: sha512-BtiHdl7pDw6tadQAn3Vi1s0wgp0BGQ3ndTQRBtxuwmyCzlGfyuvMBq+ynkuGWwknvOpU2eTNEO84U/b7wqLB7w==}
    engines: {node: '>=20.18.0'}
    peerDependencies:
      typescript: '>=5.4.0'
    peerDependenciesMeta:
      typescript:
        optional: true

  '@solana/errors@8.3.0':
    resolution: {integrity: sha512-XsoQ5ThBOwfMz1KS7I2zZoduLxUYFe+NHuRAm/gt+uk44nnXqwzNJHo/9GEMqJqxafViqvfRZ35GF1fDkwW32Q==}
    engines: {node: '>=20.18.0'}
    hasBin: true
    peerDependencies:
      typescript: '>=5.4.0'
    peerDependenciesMeta:
      typescript:
        optional: true

  '@solana/fast-stable-stringify@8.3.0':
    resolution: {integrity: sha512-QVVSFQPLJaFeUFekWHe04TUr5rL2QbgPCEK0HcmlOLgCWTvduwj1D9e73jjYzL5HU1QRyUfzkw+GnSw95nvjLg==}
    engines: {node: '>=20.18.0'}
    peerDependencies:
      typescript: '>=5.4.0'
    peerDependenciesMeta:
      typescript:
        optional: true

  '@solana/fixed-points@8.3.0':
    resolution: {integrity: sha512-cah+OuTSXqSMRlTQdj3sQmf7RK1m2RG50RzSgLFWeAAl+WCsoR4pyGPFxhQMw9JdaniqOUkKKB3ppxTMgfoHEg==}
    engines: {node: '>=20.18.0'}
    peerDependencies:
      typescript: '>=5.4.0'
    peerDependenciesMeta:
      typescript:
        optional: true

  '@solana/functional@8.3.0':
    resolution: {integrity: sha512-HBtC8tA8q73JQYHFaNROGiBLcwPcbQHldN7f1NqCgYY9x/iIt/zvWPeoxiRkncYCE9MwDLyWMq3LnetjqOifOA==}
    engines: {node: '>=20.18.0'}
    peerDependencies:
      typescript: '>=5.4.0'
    peerDependenciesMeta:
      typescript:
        optional: true

  '@solana/instruction-plans@8.3.0':
    resolution: {integrity: sha512-ltuS+fTWsNQokFxK8StQzn/ZDkrR/P4Pao5EpQxYHPQQ+Z83g61kWFEnR+bB9WBDUZwu2CJptNXItKSgGOWwmg==}
    engines: {node: '>=20.18.0'}
    peerDependencies:
      typescript: '>=5.4.0'
    peerDependenciesMeta:
      typescript:
        optional: true

  '@solana/instructions@8.3.0':
    resolution: {integrity: sha512-piAAqqC5NEvN2Mf2FP6PWogl8qCVg/2cEt+LKyq89P0sNbaeMPK11wGcZR6e3LEBMBSnjAw4DbDerDWg6GC0eg==}
    engines: {node: '>=20.18.0'}
    peerDependencies:
      typescript: '>=5.4.0'
    peerDependenciesMeta:
      typescript:
        optional: true

  '@solana/keys@8.3.0':
    resolution: {integrity: sha512-Fs8rtmxliPlDu/6iJniU4FfvUfD63OSxIAbMv2CyNvK9fg7dmQ9fUEBuK3WpwAlpKwhEHCzaFSWNUaB2SmeviQ==}
    engines: {node: '>=20.18.0'}
    peerDependencies:
      typescript: '>=5.4.0'
    peerDependenciesMeta:
      typescript:
        optional: true

  '@solana/kit@8.3.0':
    resolution: {integrity: sha512-2T2QaO+0/CeZnPMsjv/bGhBSEiBCMY6V/Qi0xhFF/+8yCH8tkzM/kgE7fX5JlrR3gZpl9Bu+C62KTqnvk/bcjw==}
    engines: {node: '>=20.18.0'}
    peerDependencies:
      typescript: '>=5.4.0'
    peerDependenciesMeta:
      typescript:
        optional: true

  '@solana/nominal-types@8.3.0':
    resolution: {integrity: sha512-x2aCcMwe6C2tQNq4pAhx4bEd2zhrm3i7DjkdAJAPVCtPKd6ecO6iaV+53/RvE2ImZ0E9aVB41lPV8ZM0dMhRiw==}
    engines: {node: '>=20.18.0'}
    peerDependencies:
      typescript: '>=5.4.0'
    peerDependenciesMeta:
      typescript:
        optional: true

  '@solana/offchain-messages@8.3.0':
    resolution: {integrity: sha512-zpwwQRTX+aBF97fgZW+T+grZWqKbCMa6moDnYHsCkQg67nCeb9OrPtZxMbCT5bP+kDgMTq2URQwS1NcZOwut+Q==}
    engines: {node: '>=20.18.0'}
    peerDependencies:
      typescript: '>=5.4.0'
    peerDependenciesMeta:
      typescript:
        optional: true

  '@solana/options@8.3.0':
    resolution: {integrity: sha512-+mi+EvxdjlOxt3dv7wTfzGxVFw0j8flZ8gGSXCx969JrML9EZd3+wgsKuMNb3whbvGa/N5exPZXfzsG+wNlK8A==}
    engines: {node: '>=20.18.0'}
    peerDependencies:
      typescript: '>=5.4.0'
    peerDependenciesMeta:
      typescript:
        optional: true

  '@solana/plugin-core@8.3.0':
    resolution: {integrity: sha512-cU5S9QR7C1Xsn9DDRSLN7Vq8+kWy6Fw6g2lwa+9yZqdSqABhmdH5HBJG/Zl8HULz2Ady0y8qHcu8fEZsehuU0g==}
    engines: {node: '>=20.18.0'}
    peerDependencies:
      typescript: '>=5.4.0'
    peerDependenciesMeta:
      typescript:
        optional: true

  '@solana/plugin-interfaces@8.3.0':
    resolution: {integrity: sha512-EawuCQiW5A13qdArRODYbAsAvi9fRkORk1hq14kbRAR0A/7XwQLniAWrgKY4WZ1UXuECB/LxKc8uQwfH5u1JOw==}
    engines: {node: '>=20.18.0'}
    peerDependencies:
      typescript: '>=5.4.0'
    peerDependenciesMeta:
      typescript:
        optional: true

  '@solana/program-client-core@8.3.0':
    resolution: {integrity: sha512-GUFVAFaEgVvznI6mrfa69I0SVnO5mD5RpYKdSEHvGnIMzupgjZhTcmhSxMIU06hFA2ZLF+NbKsOKMQFVicOCjw==}
    engines: {node: '>=20.18.0'}
    peerDependencies:
      typescript: '>=5.4.0'
    peerDependenciesMeta:
      typescript:
        optional: true

  '@solana/programs@8.3.0':
    resolution: {integrity: sha512-XosDh9GNaDUCvzpFE2e3M7iQ6tounwrhR16+KInjYNcvQDLgA5yeCbNfByai7OSz9iqEi5nlXjQFIQCckLANVw==}
    engines: {node: '>=20.18.0'}
    peerDependencies:
      typescript: '>=5.4.0'
    peerDependenciesMeta:
      typescript:
        optional: true

  '@solana/promises@8.3.0':
    resolution: {integrity: sha512-RekTh1UzvyD1EtF4hjenJDrnpGakJwTCE7cq6auQKtBxQUIJrKwDxmpyiJTJ00wvQYdMfMuyJEPQNuxgm6mxrg==}
    engines: {node: '>=20.18.0'}
    peerDependencies:
      typescript: '>=5.4.0'
    peerDependenciesMeta:
      typescript:
        optional: true

  '@solana/rpc-api@8.3.0':
    resolution: {integrity: sha512-8wvVbQLbp8Mjd0Vcg2IZqkNreSGkgOPe4IhCrO2GqJQyTNAI8Ir6o/Qt3zIj02IQS9LDL9rZPvynL+1PFPSlOA==}
    engines: {node: '>=20.18.0'}
    peerDependencies:
      typescript: '>=5.4.0'
    peerDependenciesMeta:
      typescript:
        optional: true

  '@solana/rpc-parsed-types@8.3.0':
    resolution: {integrity: sha512-cK0Yu7I8HADKYQdlyIuCFd2sq1sCrIm7q0H9nqeS7b5ILLYoH9T3AnCZ437N7Z4jZBekL2DGdpdE2M84F0fphQ==}
    engines: {node: '>=20.18.0'}
    peerDependencies:
      typescript: '>=5.4.0'
    peerDependenciesMeta:
      typescript:
        optional: true

  '@solana/rpc-spec-types@8.3.0':
    resolution: {integrity: sha512-D757241XGKwmBRlQ1xSGknBqRaXq8ZO0BDl5UupG0UyHsfdk6iKDrJFccaNx1m2LKExzlu8iWZTEdnrueDDL7A==}
    engines: {node: '>=20.18.0'}
    peerDependencies:
      typescript: '>=5.4.0'
    peerDependenciesMeta:
      typescript:
        optional: true

  '@solana/rpc-spec@8.3.0':
    resolution: {integrity: sha512-HWMQsAUsW8LOkojFopkkkTSIFAFeYDA6B4NiXtXZ8q5qKRKDB+qCVTC1un8RorKrnayLM7gF73Oi5gPD2ANL/w==}
    engines: {node: '>=20.18.0'}
    peerDependencies:
      typescript: '>=5.4.0'
    peerDependenciesMeta:
      typescript:
        optional: true

  '@solana/rpc-subscriptions-api@8.3.0':
    resolution: {integrity: sha512-NHjPuylayZHuBNXPkMT0sMHGUKAenck+P9Iep1ZzfH0py9SJcKOU8LHecSdGl7GjHk0SCs+iCBew+89JYrcTaA==}
    engines: {node: '>=20.18.0'}
    peerDependencies:
      typescript: '>=5.4.0'
    peerDependenciesMeta:
      typescript:
        optional: true

  '@solana/rpc-subscriptions-channel-websocket@8.3.0':
    resolution: {integrity: sha512-4Ix52idqRT3q0Ty5sr9lUj/S8Flf+/8q7NMuAxYNH827C71AO6vVpkpAY1YpU53MKnKy0Tox0mLLScocftgEJQ==}
    engines: {node: '>=20.18.0'}
    peerDependencies:
      typescript: '>=5.4.0'
    peerDependenciesMeta:
      typescript:
        optional: true

  '@solana/rpc-subscriptions-spec@8.3.0':
    resolution: {integrity: sha512-iv6f4N7Pva3KGljkT4kEBsMDjWVHShtysuPOko8doLBSKuelOj+b+79iYpezeu6hpbZ0YxBvlmJkOtUyeIhRJA==}
    engines: {node: '>=20.18.0'}
    peerDependencies:
      typescript: '>=5.4.0'
    peerDependenciesMeta:
      typescript:
        optional: true

  '@solana/rpc-subscriptions@8.3.0':
    resolution: {integrity: sha512-/oI9aXKOTFnIoZ+wmvZeNfSu5h8Vl90a4W6U/K8OZE2AKjK1dbKI4bR1k7P/3SORY9Z0AN2S9UsohQ6Z6n9jKA==}
    engines: {node: '>=20.18.0'}
    peerDependencies:
      typescript: '>=5.4.0'
    peerDependenciesMeta:
      typescript:
        optional: true

  '@solana/rpc-transformers@8.3.0':
    resolution: {integrity: sha512-eDn1PwS+MbMAJN4ZSWzMYGt0jEwvyaZJwDeQdOdWYEkqKJKlLsO1AAxLmz3LW3R/iKyWa4KwjrJ5Ia9oAugS6g==}
    engines: {node: '>=20.18.0'}
    peerDependencies:
      typescript: '>=5.4.0'
    peerDependenciesMeta:
      typescript:
        optional: true

  '@solana/rpc-transport-http@8.3.0':
    resolution: {integrity: sha512-XD3Bo5KZekQhrReoF6UzFW66NUYqa4Rg1wBjFEIsC/sABhLJ+062O1GPS3HY9AcxZBW48rAmfNe1Qqkerxajzw==}
    engines: {node: '>=20.18.0'}
    peerDependencies:
      typescript: '>=5.4.0'
    peerDependenciesMeta:
      typescript:
        optional: true

  '@solana/rpc-types@8.3.0':
    resolution: {integrity: sha512-T8DlDU5hu/pspKNWriwkJHXqzb7B6EQVVC6sgciZp78VB9R413+K6QhC7jZc96mNcoaATKRRg2tDDyiezKZVIg==}
    engines: {node: '>=20.18.0'}
    peerDependencies:
      typescript: '>=5.4.0'
    peerDependenciesMeta:
      typescript:
        optional: true

  '@solana/rpc@8.3.0':
    resolution: {integrity: sha512-giS/v09dby/VD77uDfNrhr5fLi5K5NIOp3jIFfKpdAnfPHgKLv050xdmL9ZltrWucrGuePinzUTLWkdkf4s/cw==}
    engines: {node: '>=20.18.0'}
    peerDependencies:
      typescript: '>=5.4.0'
    peerDependenciesMeta:
      typescript:
        optional: true

  '@solana/signers@8.3.0':
    resolution: {integrity: sha512-uNiJZV6npLBQ0jYsK5fmtemZ0igQ4HW9QR9t5qSxbxRa52yZjzX7zkSpFhQJsxvBCAUR2ppVmhanDeupPXf4Mw==}
    engines: {node: '>=20.18.0'}
    peerDependencies:
      typescript: '>=5.4.0'
    peerDependenciesMeta:
      typescript:
        optional: true

  '@solana/subscribable@8.3.0':
    resolution: {integrity: sha512-tLoGNOt19oUTxIoOaBxQRNxKJET/IXBx1NZkGD1lh4X8iNc6V0lY3MMIWjNvRivFIpzeWtWYxX/tAb27xpmcXg==}
    engines: {node: '>=20.18.0'}
    peerDependencies:
      typescript: '>=5.4.0'
    peerDependenciesMeta:
      typescript:
        optional: true

  '@solana/sysvars@8.3.0':
    resolution: {integrity: sha512-SXnKqpV4pj3vLvcyBn8+jeVouu4Bbk0PTmHMknsig6edWcpmvAXkufcRdxgVy5t58pdSf1+GlJGEEhP5NR/0xA==}
    engines: {node: '>=20.18.0'}
    peerDependencies:
      typescript: '>=5.4.0'
    peerDependenciesMeta:
      typescript:
        optional: true

  '@solana/transaction-confirmation@8.3.0':
    resolution: {integrity: sha512-xx4sO4+0nP84SvxPPmHFKkUyBEQDFC2Vn8eqV8qEG3yo0ruHlZ45g0IeYhz9WS20WPgkXvGB5bVU8Y3yv/4vPw==}
    engines: {node: '>=20.18.0'}
    peerDependencies:
      typescript: '>=5.4.0'
    peerDependenciesMeta:
      typescript:
        optional: true

  '@solana/transaction-introspection@8.3.0':
    resolution: {integrity: sha512-uuPNYLhgueMG1ZxWH+SqPHiyz7KM0vFUDPCVRQUVTTWFryWDeu6GExfy+mFMPRR25cp+hWYmYhddub8BU2sPXQ==}
    engines: {node: '>=20.18.0'}
    peerDependencies:
      typescript: '>=5.4.0'
    peerDependenciesMeta:
      typescript:
        optional: true

  '@solana/transaction-messages@8.3.0':
    resolution: {integrity: sha512-AkgHRPOnwonB7n81rTwnZ9WFlagnhzDzXKGhETdffzC+A1GifXC2s/ou0/qNozuqlgPVDaBR02S/A3Vt1tYr/g==}
    engines: {node: '>=20.18.0'}
    peerDependencies:
      typescript: '>=5.4.0'
    peerDependenciesMeta:
      typescript:
        optional: true

  '@solana/transactions@8.3.0':
    resolution: {integrity: sha512-zNCHu2W3t6r4W3rsCA5vZ93bGqcZPNgfgYjTamRC6xTZPP2qn5JR+bSR9/WBMpi8GwLzWYuDk6YtNp3+pYGKuQ==}
    engines: {node: '>=20.18.0'}
    peerDependencies:
      typescript: '>=5.4.0'
    peerDependenciesMeta:
      typescript:
        optional: true

  '@solana/zk-sdk@0.5.3':
    resolution: {integrity: sha512-vgne1g223Yw7AIgEfX5WnhBZ1gTyYjMzXu/fkXl/yimYSPOJZvn54UI4J/OrxwHGgxfsG6Rs+hUR6ovfPIX6Yg==}

  chalk@5.6.2:
    resolution: {integrity: sha512-7NzBL0rN6fMUW+f7A6Io4h40qQlG+xGmtMxfbnH/K7TAtt8JQWVQK+6g0UXKMeVJoyV5EkkNsErQ8pVD3bLHbA==}
    engines: {node: ^12.17.0 || ^14.13 || >=16.0.0}

  commander@15.0.0:
    resolution: {integrity: sha512-z67u4ZhzCL/Tydu1lJARtEZYWbWaN7oYLHbsuzocr6y4N6WZAagG3RQ4FW61V1/0+jImpj293XfrcYnd1qxtPg==}
    engines: {node: '>=22.12.0'}

  typescript@6.0.3:
    resolution: {integrity: sha512-y2TvuxSZPDyQakkFRPZHKFm+KKVqIisdg9/CZwm9ftvKXLP8NRWj38/ODjNbr43SsoXqNuAisEf1GdCxqWcdBw==}
    engines: {node: '>=14.17'}
    hasBin: true

  undici-types@8.11.2:
    resolution: {integrity: sha512-iMVNmWZ0leK/goS6eXMizSzmm9CDWtyphwbaCms3DNLqRxDL+mMoNVcZMTyyVgXP0N+Z8neAMzDoUOUJL8veKg==}

  ws@8.22.0:
    resolution: {integrity: sha512-Ydggc987+RO0AnWtZ/7Wq9FtNvcrL1b/RO0ud9mWjUPgDrsAAwQSF51sm2hm1XofbU/4jkpGEsLFsZZxU+1DOg==}
    engines: {node: '>=10.0.0'}
    peerDependencies:
      bufferutil: ^4.0.1
      utf-8-validate: '>=5.0.2'
    peerDependenciesMeta:
      bufferutil:
        optional: true
      utf-8-validate:
        optional: true

snapshots:

  '@noble/curves@2.4.0':
    dependencies:
      '@noble/hashes': 2.4.0

  '@noble/hashes@2.4.0': {}

  '@solana-program/record@0.5.0(@solana/kit@8.3.0(typescript@6.0.3))':
    dependencies:
      '@solana-program/system': 0.15.0(@solana/kit@8.3.0(typescript@6.0.3))
      '@solana/kit': 8.3.0(typescript@6.0.3)

  '@solana-program/system@0.14.1(@solana/kit@8.3.0(typescript@6.0.3))':
    dependencies:
      '@solana/kit': 8.3.0(typescript@6.0.3)

  '@solana-program/system@0.15.0(@solana/kit@8.3.0(typescript@6.0.3))':
    dependencies:
      '@solana/kit': 8.3.0(typescript@6.0.3)

  '@solana-program/token-2022@0.19.0(@solana/kit@8.3.0(typescript@6.0.3))(@solana/sysvars@8.3.0(typescript@6.0.3))(@solana/zk-sdk@0.5.3)':
    dependencies:
      '@noble/curves': 2.4.0
      '@solana-program/record': 0.5.0(@solana/kit@8.3.0(typescript@6.0.3))
      '@solana-program/system': 0.15.0(@solana/kit@8.3.0(typescript@6.0.3))
      '@solana-program/zk-elgamal-proof': 0.4.0(@solana/kit@8.3.0(typescript@6.0.3))
      '@solana/kit': 8.3.0(typescript@6.0.3)
      '@solana/sysvars': 8.3.0(typescript@6.0.3)
    optionalDependencies:
      '@solana/zk-sdk': 0.5.3

  '@solana-program/zk-elgamal-proof@0.4.0(@solana/kit@8.3.0(typescript@6.0.3))':
    dependencies:
      '@solana-program/system': 0.14.1(@solana/kit@8.3.0(typescript@6.0.3))
      '@solana/kit': 8.3.0(typescript@6.0.3)

  '@solana/accounts@8.3.0(typescript@6.0.3)':
    dependencies:
      '@solana/addresses': 8.3.0(typescript@6.0.3)
      '@solana/codecs-core': 8.3.0(typescript@6.0.3)
      '@solana/codecs-strings': 8.3.0(typescript@6.0.3)
      '@solana/errors': 8.3.0(typescript@6.0.3)
      '@solana/rpc-spec': 8.3.0(typescript@6.0.3)
      '@solana/rpc-types': 8.3.0(typescript@6.0.3)
    optionalDependencies:
      typescript: 6.0.3
    transitivePeerDependencies:
      - fastestsmallesttextencoderdecoder

  '@solana/addresses@8.3.0(typescript@6.0.3)':
    dependencies:
      '@solana/assertions': 8.3.0(typescript@6.0.3)
      '@solana/codecs-core': 8.3.0(typescript@6.0.3)
      '@solana/codecs-strings': 8.3.0(typescript@6.0.3)
      '@solana/errors': 8.3.0(typescript@6.0.3)
      '@solana/nominal-types': 8.3.0(typescript@6.0.3)
    optionalDependencies:
      typescript: 6.0.3
    transitivePeerDependencies:
      - fastestsmallesttextencoderdecoder

  '@solana/assertions@8.3.0(typescript@6.0.3)':
    dependencies:
      '@solana/errors': 8.3.0(typescript@6.0.3)
    optionalDependencies:
      typescript: 6.0.3

  '@solana/codecs-core@8.3.0(typescript@6.0.3)':
    dependencies:
      '@solana/errors': 8.3.0(typescript@6.0.3)
    optionalDependencies:
      typescript: 6.0.3

  '@solana/codecs-data-structures@8.3.0(typescript@6.0.3)':
    dependencies:
      '@solana/codecs-core': 8.3.0(typescript@6.0.3)
      '@solana/codecs-numbers': 8.3.0(typescript@6.0.3)
      '@solana/errors': 8.3.0(typescript@6.0.3)
    optionalDependencies:
      typescript: 6.0.3

  '@solana/codecs-numbers@8.3.0(typescript@6.0.3)':
    dependencies:
      '@solana/codecs-core': 8.3.0(typescript@6.0.3)
      '@solana/errors': 8.3.0(typescript@6.0.3)
    optionalDependencies:
      typescript: 6.0.3

  '@solana/codecs-strings@8.3.0(typescript@6.0.3)':
    dependencies:
      '@solana/codecs-core': 8.3.0(typescript@6.0.3)
      '@solana/codecs-numbers': 8.3.0(typescript@6.0.3)
      '@solana/errors': 8.3.0(typescript@6.0.3)
    optionalDependencies:
      typescript: 6.0.3

  '@solana/codecs@8.3.0(typescript@6.0.3)':
    dependencies:
      '@solana/codecs-core': 8.3.0(typescript@6.0.3)
      '@solana/codecs-data-structures': 8.3.0(typescript@6.0.3)
      '@solana/codecs-numbers': 8.3.0(typescript@6.0.3)
      '@solana/codecs-strings': 8.3.0(typescript@6.0.3)
      '@solana/fixed-points': 8.3.0(typescript@6.0.3)
      '@solana/options': 8.3.0(typescript@6.0.3)
    optionalDependencies:
      typescript: 6.0.3
    transitivePeerDependencies:
      - fastestsmallesttextencoderdecoder

  '@solana/errors@8.3.0(typescript@6.0.3)':
    dependencies:
      chalk: 5.6.2
      commander: 15.0.0
    optionalDependencies:
      typescript: 6.0.3

  '@solana/fast-stable-stringify@8.3.0(typescript@6.0.3)':
    optionalDependencies:
      typescript: 6.0.3

  '@solana/fixed-points@8.3.0(typescript@6.0.3)':
    dependencies:
      '@solana/codecs-core': 8.3.0(typescript@6.0.3)
      '@solana/errors': 8.3.0(typescript@6.0.3)
    optionalDependencies:
      typescript: 6.0.3

  '@solana/functional@8.3.0(typescript@6.0.3)':
    optionalDependencies:
      typescript: 6.0.3

  '@solana/instruction-plans@8.3.0(typescript@6.0.3)':
    dependencies:
      '@solana/errors': 8.3.0(typescript@6.0.3)
      '@solana/instructions': 8.3.0(typescript@6.0.3)
      '@solana/keys': 8.3.0(typescript@6.0.3)
      '@solana/promises': 8.3.0(typescript@6.0.3)
      '@solana/transaction-messages': 8.3.0(typescript@6.0.3)
      '@solana/transactions': 8.3.0(typescript@6.0.3)
    optionalDependencies:
      typescript: 6.0.3
    transitivePeerDependencies:
      - fastestsmallesttextencoderdecoder

  '@solana/instructions@8.3.0(typescript@6.0.3)':
    dependencies:
      '@solana/codecs-core': 8.3.0(typescript@6.0.3)
      '@solana/errors': 8.3.0(typescript@6.0.3)
    optionalDependencies:
      typescript: 6.0.3

  '@solana/keys@8.3.0(typescript@6.0.3)':
    dependencies:
      '@solana/assertions': 8.3.0(typescript@6.0.3)
      '@solana/codecs-core': 8.3.0(typescript@6.0.3)
      '@solana/codecs-strings': 8.3.0(typescript@6.0.3)
      '@solana/errors': 8.3.0(typescript@6.0.3)
      '@solana/nominal-types': 8.3.0(typescript@6.0.3)
      '@solana/promises': 8.3.0(typescript@6.0.3)
    optionalDependencies:
      typescript: 6.0.3
    transitivePeerDependencies:
      - fastestsmallesttextencoderdecoder

  '@solana/kit@8.3.0(typescript@6.0.3)':
    dependencies:
      '@solana/accounts': 8.3.0(typescript@6.0.3)
      '@solana/addresses': 8.3.0(typescript@6.0.3)
      '@solana/codecs': 8.3.0(typescript@6.0.3)
      '@solana/errors': 8.3.0(typescript@6.0.3)
      '@solana/functional': 8.3.0(typescript@6.0.3)
      '@solana/instruction-plans': 8.3.0(typescript@6.0.3)
      '@solana/instructions': 8.3.0(typescript@6.0.3)
      '@solana/keys': 8.3.0(typescript@6.0.3)
      '@solana/offchain-messages': 8.3.0(typescript@6.0.3)
      '@solana/plugin-core': 8.3.0(typescript@6.0.3)
      '@solana/plugin-interfaces': 8.3.0(typescript@6.0.3)
      '@solana/program-client-core': 8.3.0(typescript@6.0.3)
      '@solana/programs': 8.3.0(typescript@6.0.3)
      '@solana/promises': 8.3.0(typescript@6.0.3)
      '@solana/rpc': 8.3.0(typescript@6.0.3)
      '@solana/rpc-api': 8.3.0(typescript@6.0.3)
      '@solana/rpc-parsed-types': 8.3.0(typescript@6.0.3)
      '@solana/rpc-spec-types': 8.3.0(typescript@6.0.3)
      '@solana/rpc-subscriptions': 8.3.0(typescript@6.0.3)
      '@solana/rpc-types': 8.3.0(typescript@6.0.3)
      '@solana/signers': 8.3.0(typescript@6.0.3)
      '@solana/subscribable': 8.3.0(typescript@6.0.3)
      '@solana/sysvars': 8.3.0(typescript@6.0.3)
      '@solana/transaction-confirmation': 8.3.0(typescript@6.0.3)
      '@solana/transaction-introspection': 8.3.0(typescript@6.0.3)
      '@solana/transaction-messages': 8.3.0(typescript@6.0.3)
      '@solana/transactions': 8.3.0(typescript@6.0.3)
    optionalDependencies:
      typescript: 6.0.3
    transitivePeerDependencies:
      - bufferutil
      - fastestsmallesttextencoderdecoder
      - utf-8-validate

  '@solana/nominal-types@8.3.0(typescript@6.0.3)':
    optionalDependencies:
      typescript: 6.0.3

  '@solana/offchain-messages@8.3.0(typescript@6.0.3)':
    dependencies:
      '@solana/addresses': 8.3.0(typescript@6.0.3)
      '@solana/codecs-core': 8.3.0(typescript@6.0.3)
      '@solana/codecs-data-structures': 8.3.0(typescript@6.0.3)
      '@solana/codecs-numbers': 8.3.0(typescript@6.0.3)
      '@solana/codecs-strings': 8.3.0(typescript@6.0.3)
      '@solana/errors': 8.3.0(typescript@6.0.3)
      '@solana/keys': 8.3.0(typescript@6.0.3)
      '@solana/nominal-types': 8.3.0(typescript@6.0.3)
    optionalDependencies:
      typescript: 6.0.3
    transitivePeerDependencies:
      - fastestsmallesttextencoderdecoder

  '@solana/options@8.3.0(typescript@6.0.3)':
    dependencies:
      '@solana/codecs-core': 8.3.0(typescript@6.0.3)
      '@solana/codecs-data-structures': 8.3.0(typescript@6.0.3)
      '@solana/codecs-numbers': 8.3.0(typescript@6.0.3)
      '@solana/codecs-strings': 8.3.0(typescript@6.0.3)
      '@solana/errors': 8.3.0(typescript@6.0.3)
    optionalDependencies:
      typescript: 6.0.3
    transitivePeerDependencies:
      - fastestsmallesttextencoderdecoder

  '@solana/plugin-core@8.3.0(typescript@6.0.3)':
    optionalDependencies:
      typescript: 6.0.3

  '@solana/plugin-interfaces@8.3.0(typescript@6.0.3)':
    dependencies:
      '@solana/accounts': 8.3.0(typescript@6.0.3)
      '@solana/addresses': 8.3.0(typescript@6.0.3)
      '@solana/instruction-plans': 8.3.0(typescript@6.0.3)
      '@solana/keys': 8.3.0(typescript@6.0.3)
      '@solana/rpc-spec': 8.3.0(typescript@6.0.3)
      '@solana/rpc-subscriptions-spec': 8.3.0(typescript@6.0.3)
      '@solana/rpc-types': 8.3.0(typescript@6.0.3)
      '@solana/signers': 8.3.0(typescript@6.0.3)
      '@solana/transactions': 8.3.0(typescript@6.0.3)
    optionalDependencies:
      typescript: 6.0.3
    transitivePeerDependencies:
      - fastestsmallesttextencoderdecoder

  '@solana/program-client-core@8.3.0(typescript@6.0.3)':
    dependencies:
      '@solana/accounts': 8.3.0(typescript@6.0.3)
      '@solana/addresses': 8.3.0(typescript@6.0.3)
      '@solana/codecs-core': 8.3.0(typescript@6.0.3)
      '@solana/errors': 8.3.0(typescript@6.0.3)
      '@solana/instruction-plans': 8.3.0(typescript@6.0.3)
      '@solana/instructions': 8.3.0(typescript@6.0.3)
      '@solana/plugin-interfaces': 8.3.0(typescript@6.0.3)
      '@solana/rpc-api': 8.3.0(typescript@6.0.3)
      '@solana/signers': 8.3.0(typescript@6.0.3)
    optionalDependencies:
      typescript: 6.0.3
    transitivePeerDependencies:
      - fastestsmallesttextencoderdecoder

  '@solana/programs@8.3.0(typescript@6.0.3)':
    dependencies:
      '@solana/addresses': 8.3.0(typescript@6.0.3)
      '@solana/errors': 8.3.0(typescript@6.0.3)
    optionalDependencies:
      typescript: 6.0.3
    transitivePeerDependencies:
      - fastestsmallesttextencoderdecoder

  '@solana/promises@8.3.0(typescript@6.0.3)':
    optionalDependencies:
      typescript: 6.0.3

  '@solana/rpc-api@8.3.0(typescript@6.0.3)':
    dependencies:
      '@solana/addresses': 8.3.0(typescript@6.0.3)
      '@solana/codecs-core': 8.3.0(typescript@6.0.3)
      '@solana/codecs-strings': 8.3.0(typescript@6.0.3)
      '@solana/errors': 8.3.0(typescript@6.0.3)
      '@solana/keys': 8.3.0(typescript@6.0.3)
      '@solana/rpc-parsed-types': 8.3.0(typescript@6.0.3)
      '@solana/rpc-spec': 8.3.0(typescript@6.0.3)
      '@solana/rpc-transformers': 8.3.0(typescript@6.0.3)
      '@solana/rpc-types': 8.3.0(typescript@6.0.3)
      '@solana/transaction-messages': 8.3.0(typescript@6.0.3)
      '@solana/transactions': 8.3.0(typescript@6.0.3)
    optionalDependencies:
      typescript: 6.0.3
    transitivePeerDependencies:
      - fastestsmallesttextencoderdecoder

  '@solana/rpc-parsed-types@8.3.0(typescript@6.0.3)':
    optionalDependencies:
      typescript: 6.0.3

  '@solana/rpc-spec-types@8.3.0(typescript@6.0.3)':
    dependencies:
      '@solana/errors': 8.3.0(typescript@6.0.3)
    optionalDependencies:
      typescript: 6.0.3

  '@solana/rpc-spec@8.3.0(typescript@6.0.3)':
    dependencies:
      '@solana/errors': 8.3.0(typescript@6.0.3)
      '@solana/rpc-spec-types': 8.3.0(typescript@6.0.3)
      '@solana/subscribable': 8.3.0(typescript@6.0.3)
    optionalDependencies:
      typescript: 6.0.3

  '@solana/rpc-subscriptions-api@8.3.0(typescript@6.0.3)':
    dependencies:
      '@solana/addresses': 8.3.0(typescript@6.0.3)
      '@solana/keys': 8.3.0(typescript@6.0.3)
      '@solana/rpc-subscriptions-spec': 8.3.0(typescript@6.0.3)
      '@solana/rpc-transformers': 8.3.0(typescript@6.0.3)
      '@solana/rpc-types': 8.3.0(typescript@6.0.3)
      '@solana/transaction-messages': 8.3.0(typescript@6.0.3)
      '@solana/transactions': 8.3.0(typescript@6.0.3)
    optionalDependencies:
      typescript: 6.0.3
    transitivePeerDependencies:
      - fastestsmallesttextencoderdecoder

  '@solana/rpc-subscriptions-channel-websocket@8.3.0(typescript@6.0.3)':
    dependencies:
      '@solana/errors': 8.3.0(typescript@6.0.3)
      '@solana/functional': 8.3.0(typescript@6.0.3)
      '@solana/rpc-subscriptions-spec': 8.3.0(typescript@6.0.3)
      '@solana/subscribable': 8.3.0(typescript@6.0.3)
      ws: 8.22.0
    optionalDependencies:
      typescript: 6.0.3
    transitivePeerDependencies:
      - bufferutil
      - utf-8-validate

  '@solana/rpc-subscriptions-spec@8.3.0(typescript@6.0.3)':
    dependencies:
      '@solana/errors': 8.3.0(typescript@6.0.3)
      '@solana/promises': 8.3.0(typescript@6.0.3)
      '@solana/rpc-spec-types': 8.3.0(typescript@6.0.3)
      '@solana/subscribable': 8.3.0(typescript@6.0.3)
    optionalDependencies:
      typescript: 6.0.3

  '@solana/rpc-subscriptions@8.3.0(typescript@6.0.3)':
    dependencies:
      '@solana/errors': 8.3.0(typescript@6.0.3)
      '@solana/fast-stable-stringify': 8.3.0(typescript@6.0.3)
      '@solana/functional': 8.3.0(typescript@6.0.3)
      '@solana/promises': 8.3.0(typescript@6.0.3)
      '@solana/rpc-spec-types': 8.3.0(typescript@6.0.3)
      '@solana/rpc-subscriptions-api': 8.3.0(typescript@6.0.3)
      '@solana/rpc-subscriptions-channel-websocket': 8.3.0(typescript@6.0.3)
      '@solana/rpc-subscriptions-spec': 8.3.0(typescript@6.0.3)
      '@solana/rpc-transformers': 8.3.0(typescript@6.0.3)
      '@solana/rpc-types': 8.3.0(typescript@6.0.3)
      '@solana/subscribable': 8.3.0(typescript@6.0.3)
    optionalDependencies:
      typescript: 6.0.3
    transitivePeerDependencies:
      - bufferutil
      - fastestsmallesttextencoderdecoder
      - utf-8-validate

  '@solana/rpc-transformers@8.3.0(typescript@6.0.3)':
    dependencies:
      '@solana/errors': 8.3.0(typescript@6.0.3)
      '@solana/functional': 8.3.0(typescript@6.0.3)
      '@solana/nominal-types': 8.3.0(typescript@6.0.3)
      '@solana/rpc-spec-types': 8.3.0(typescript@6.0.3)
      '@solana/rpc-types': 8.3.0(typescript@6.0.3)
    optionalDependencies:
      typescript: 6.0.3
    transitivePeerDependencies:
      - fastestsmallesttextencoderdecoder

  '@solana/rpc-transport-http@8.3.0(typescript@6.0.3)':
    dependencies:
      '@solana/errors': 8.3.0(typescript@6.0.3)
      '@solana/rpc-spec': 8.3.0(typescript@6.0.3)
      '@solana/rpc-spec-types': 8.3.0(typescript@6.0.3)
      undici-types: 8.11.2
    optionalDependencies:
      typescript: 6.0.3

  '@solana/rpc-types@8.3.0(typescript@6.0.3)':
    dependencies:
      '@solana/addresses': 8.3.0(typescript@6.0.3)
      '@solana/codecs-core': 8.3.0(typescript@6.0.3)
      '@solana/codecs-numbers': 8.3.0(typescript@6.0.3)
      '@solana/codecs-strings': 8.3.0(typescript@6.0.3)
      '@solana/errors': 8.3.0(typescript@6.0.3)
      '@solana/fixed-points': 8.3.0(typescript@6.0.3)
      '@solana/nominal-types': 8.3.0(typescript@6.0.3)
    optionalDependencies:
      typescript: 6.0.3
    transitivePeerDependencies:
      - fastestsmallesttextencoderdecoder

  '@solana/rpc@8.3.0(typescript@6.0.3)':
    dependencies:
      '@solana/errors': 8.3.0(typescript@6.0.3)
      '@solana/fast-stable-stringify': 8.3.0(typescript@6.0.3)
      '@solana/functional': 8.3.0(typescript@6.0.3)
      '@solana/rpc-api': 8.3.0(typescript@6.0.3)
      '@solana/rpc-spec': 8.3.0(typescript@6.0.3)
      '@solana/rpc-spec-types': 8.3.0(typescript@6.0.3)
      '@solana/rpc-transformers': 8.3.0(typescript@6.0.3)
      '@solana/rpc-transport-http': 8.3.0(typescript@6.0.3)
      '@solana/rpc-types': 8.3.0(typescript@6.0.3)
    optionalDependencies:
      typescript: 6.0.3
    transitivePeerDependencies:
      - fastestsmallesttextencoderdecoder

  '@solana/signers@8.3.0(typescript@6.0.3)':
    dependencies:
      '@solana/addresses': 8.3.0(typescript@6.0.3)
      '@solana/codecs-core': 8.3.0(typescript@6.0.3)
      '@solana/errors': 8.3.0(typescript@6.0.3)
      '@solana/instructions': 8.3.0(typescript@6.0.3)
      '@solana/keys': 8.3.0(typescript@6.0.3)
      '@solana/nominal-types': 8.3.0(typescript@6.0.3)
      '@solana/offchain-messages': 8.3.0(typescript@6.0.3)
      '@solana/transaction-messages': 8.3.0(typescript@6.0.3)
      '@solana/transactions': 8.3.0(typescript@6.0.3)
    optionalDependencies:
      typescript: 6.0.3
    transitivePeerDependencies:
      - fastestsmallesttextencoderdecoder

  '@solana/subscribable@8.3.0(typescript@6.0.3)':
    dependencies:
      '@solana/errors': 8.3.0(typescript@6.0.3)
      '@solana/promises': 8.3.0(typescript@6.0.3)
    optionalDependencies:
      typescript: 6.0.3

  '@solana/sysvars@8.3.0(typescript@6.0.3)':
    dependencies:
      '@solana/accounts': 8.3.0(typescript@6.0.3)
      '@solana/codecs-core': 8.3.0(typescript@6.0.3)
      '@solana/codecs-data-structures': 8.3.0(typescript@6.0.3)
      '@solana/codecs-numbers': 8.3.0(typescript@6.0.3)
      '@solana/errors': 8.3.0(typescript@6.0.3)
      '@solana/rpc-types': 8.3.0(typescript@6.0.3)
    optionalDependencies:
      typescript: 6.0.3
    transitivePeerDependencies:
      - fastestsmallesttextencoderdecoder

  '@solana/transaction-confirmation@8.3.0(typescript@6.0.3)':
    dependencies:
      '@solana/addresses': 8.3.0(typescript@6.0.3)
      '@solana/codecs-strings': 8.3.0(typescript@6.0.3)
      '@solana/errors': 8.3.0(typescript@6.0.3)
      '@solana/keys': 8.3.0(typescript@6.0.3)
      '@solana/promises': 8.3.0(typescript@6.0.3)
      '@solana/rpc': 8.3.0(typescript@6.0.3)
      '@solana/rpc-subscriptions': 8.3.0(typescript@6.0.3)
      '@solana/rpc-types': 8.3.0(typescript@6.0.3)
      '@solana/transaction-messages': 8.3.0(typescript@6.0.3)
      '@solana/transactions': 8.3.0(typescript@6.0.3)
    optionalDependencies:
      typescript: 6.0.3
    transitivePeerDependencies:
      - bufferutil
      - fastestsmallesttextencoderdecoder
      - utf-8-validate

  '@solana/transaction-introspection@8.3.0(typescript@6.0.3)':
    dependencies:
      '@solana/addresses': 8.3.0(typescript@6.0.3)
      '@solana/codecs-core': 8.3.0(typescript@6.0.3)
      '@solana/codecs-strings': 8.3.0(typescript@6.0.3)
      '@solana/errors': 8.3.0(typescript@6.0.3)
      '@solana/instructions': 8.3.0(typescript@6.0.3)
      '@solana/rpc-types': 8.3.0(typescript@6.0.3)
      '@solana/transaction-messages': 8.3.0(typescript@6.0.3)
      '@solana/transactions': 8.3.0(typescript@6.0.3)
    optionalDependencies:
      typescript: 6.0.3
    transitivePeerDependencies:
      - fastestsmallesttextencoderdecoder

  '@solana/transaction-messages@8.3.0(typescript@6.0.3)':
    dependencies:
      '@solana/addresses': 8.3.0(typescript@6.0.3)
      '@solana/codecs-core': 8.3.0(typescript@6.0.3)
      '@solana/codecs-data-structures': 8.3.0(typescript@6.0.3)
      '@solana/codecs-numbers': 8.3.0(typescript@6.0.3)
      '@solana/errors': 8.3.0(typescript@6.0.3)
      '@solana/functional': 8.3.0(typescript@6.0.3)
      '@solana/instructions': 8.3.0(typescript@6.0.3)
      '@solana/nominal-types': 8.3.0(typescript@6.0.3)
      '@solana/rpc-types': 8.3.0(typescript@6.0.3)
    optionalDependencies:
      typescript: 6.0.3
    transitivePeerDependencies:
      - fastestsmallesttextencoderdecoder

  '@solana/transactions@8.3.0(typescript@6.0.3)':
    dependencies:
      '@solana/addresses': 8.3.0(typescript@6.0.3)
      '@solana/codecs-core': 8.3.0(typescript@6.0.3)
      '@solana/codecs-data-structures': 8.3.0(typescript@6.0.3)
      '@solana/codecs-numbers': 8.3.0(typescript@6.0.3)
      '@solana/codecs-strings': 8.3.0(typescript@6.0.3)
      '@solana/errors': 8.3.0(typescript@6.0.3)
      '@solana/functional': 8.3.0(typescript@6.0.3)
      '@solana/instructions': 8.3.0(typescript@6.0.3)
      '@solana/keys': 8.3.0(typescript@6.0.3)
      '@solana/nominal-types': 8.3.0(typescript@6.0.3)
      '@solana/rpc-types': 8.3.0(typescript@6.0.3)
      '@solana/transaction-messages': 8.3.0(typescript@6.0.3)
    optionalDependencies:
      typescript: 6.0.3
    transitivePeerDependencies:
      - fastestsmallesttextencoderdecoder

  '@solana/zk-sdk@0.5.3': {}

  chalk@5.6.2: {}

  commander@15.0.0: {}

  typescript@6.0.3: {}

  undici-types@8.11.2: {}

  ws@8.22.0: {}
